{
  "lockfile_version": "1",
  "packages": {
    "gh@latest": {
      "last_modified": "2026-04-16T08:46:55Z",
      "resolved": "github:NixOS/nixpkgs/b86751bc4085f48661017fa226dee99fab6c651b#gh",
      "source": "devbox-search",
      "version": "2.89.0",
      "systems": {
        "aarch64-darwin": {
          "outputs": [
            {
              "name": "out",
              "path": "/nix/store/ifqpbjcfx5snmahgny6lx40wxbh2yr7g-gh-2.89.0",
              "default": true
            }
          ],
          "store_path": "/nix/store/ifqpbjcfx5snmahgny6lx40wxbh2yr7g-gh-2.89.0"
        },
        "aarch64-linux": {
          "outputs": [
            {
              "name": "out",
              "path": "/nix/store/kx2h8n89f8c7a8js867836msdvsfif4j-gh-2.89.0",
              "default": true
            }
          ],
          "store_path": "/nix/store/kx2h8n89f8c7a8js867836msdvsfif4j-gh-2.89.0"
        },
        "x86_64-darwin": {
          "outputs": [
            {
              "name": "out",
              "path": "/nix/store/20pxzdzqba82zcy2zwqcsdn9imjrhg24-gh-2.89.0",
              "default": true
            }
          ],
          "store_path": "/nix/store/20pxzdzqba82zcy2zwqcsdn9imjrhg24-gh-2.89.0"
        },
        "x86_64-linux": {
          "outputs": [
            {
              "name": "out",
              "path": "/nix/store/1131yfwz32j7ad860qy9ksvbiid2hv0k-gh-2.89.0",
              "default": true
            }
          ],
          "store_path": "/nix/store/1131yfwz32j7ad860qy9ksvbiid2hv0k-gh-2.89.0"
        }
      }
    },
    "pdm@latest": {
      "last_modified": "2026-04-16T08:46:55Z",
      "resolved": "github:NixOS/nixpkgs/b86751bc4085f48661017fa226dee99fab6c651b#pdm",
      "source": "devbox-search",
      "version": "2.26.6",
      "systems": {
        "aarch64-darwin": {
          "outputs": [
            {
              "name": "out",
              "path": "/nix/store/nlihbg140d6b3ar6w54pvdnjbgmf0408-pdm-2.26.6",
              "default": true
            },
            {
              "name": "dist",
              "path": "/nix/store/8c2rjpa3limjxl2bydaxy7zwf5839kpg-pdm-2.26.6-dist"
            }
          ],
          "store_path": "/nix/store/nlihbg140d6b3ar6w54pvdnjbgmf0408-pdm-2.26.6"
        },
        "aarch64-linux": {
          "outputs": [
            {
              "name": "out",
              "path": "/nix/store/h4wwpj7gblxqxfbdadsl7s48zr0arr5i-pdm-2.26.6",
              "default": true
            },
            {
              "name": "dist",
              "path": "/nix/store/bl084wwb46rxnwn4apnm0f04m6w30k64-pdm-2.26.6-dist"
            }
          ],
          "store_path": "/nix/store/h4wwpj7gblxqxfbdadsl7s48zr0arr5i-pdm-2.26.6"
        },
        "x86_64-darwin": {
          "outputs": [
            {
              "name": "out",
              "path": "/nix/store/ldb0v837vzhkn7mmq6mw5mn23x8zx6qb-pdm-2.26.6",
              "default": true
            },
            {
              "name": "dist",
              "path": "/nix/store/9dfznwdnxg0g94xs8rzah3xhxignvx5v-pdm-2.26.6-dist"
            }
          ],
          "store_path": "/nix/store/ldb0v837vzhkn7mmq6mw5mn23x8zx6qb-pdm-2.26.6"
        },
        "x86_64-linux": {
          "outputs": [
            {
              "name": "out",
              "path": "/nix/store/wvipf772qs53xqrjfkyxwf3d5g9r5h5l-pdm-2.26.6",
              "default": true
            },
            {
              "name": "dist",
              "path": "/nix/store/7yr6l55l3vl7wygl6hx0y0gn986zlajb-pdm-2.26.6-dist"
            }
          ],
          "store_path": "/nix/store/wvipf772qs53xqrjfkyxwf3d5g9r5h5l-pdm-2.26.6"
        }
      }
    },
    "python@3.12": {
      "last_modified": "2026-04-16T08:46:55Z",
      "plugin_version": "0.0.4",
      "resolved": "github:NixOS/nixpkgs/b86751bc4085f48661017fa226dee99fab6c651b#python312",
      "source": "devbox-search",
      "version": "3.12.13",
      "systems": {
        "aarch64-darwin": {
          "outputs": [
            {
              "name": "out",
              "path": "/nix/store/i61paf2j8s4386774b42jzrk0vwazs98-python3-3.12.13",
              "default": true
            }
          ],
          "store_path": "/nix/store/i61paf2j8s4386774b42jzrk0vwazs98-python3-3.12.13"
        },
        "aarch64-linux": {
          "outputs": [
            {
              "name": "out",
              "path": "/nix/store/my7zqjp1gw9xa72p6ik81jchfgik8naf-python3-3.12.13",
              "default": true
            },
            {
              "name": "debug",
              "path": "/nix/store/92hp83hx7nz2ql9kzpgl63h2rgyr2a2b-python3-3.12.13-debug"
            }
          ],
          "store_path": "/nix/store/my7zqjp1gw9xa72p6ik81jchfgik8naf-python3-3.12.13"
        },
        "x86_64-darwin": {
          "outputs": [
            {
              "name": "out",
              "path": "/nix/store/xv4hp7xwh6xqvwhb1pab12xmk91h1b17-python3-3.12.13",
              "default": true
            }
          ],
          "store_path": "/nix/store/xv4hp7xwh6xqvwhb1pab12xmk91h1b17-python3-3.12.13"
        },
        "x86_64-linux": {
          "outputs": [
            {
              "name": "out",
              "path": "/nix/store/3437kliwcg0aq7h30alls8mvsv6laarf-python3-3.12.13",
              "default": true
            },
            {
              "name": "debug",
              "path": "/nix/store/6r8c9jpb9wmfnw33fr11qp067xkxwabp-python3-3.12.13-debug"
            }
          ],
          "store_path": "/nix/store/3437kliwcg0aq7h30alls8mvsv6laarf-python3-3.12.13"
        }
      }
    },
    "ripgrep@latest": {
      "last_modified": "2026-03-21T07:29:51Z",
      "resolved": "github:NixOS/nixpkgs/09061f748ee21f68a089cd5d91ec1859cd93d0be#ripgrep",
      "source": "devbox-search",
      "version": "15.1.0",
      "systems": {
        "aarch64-darwin": {
          "outputs": [
            {
              "name": "out",
              "path": "/nix/store/qx2i265ck9hi773q0hhg96bjchkghpgm-ripgrep-15.1.0",
              "default": true
            }
          ],
          "store_path": "/nix/store/qx2i265ck9hi773q0hhg96bjchkghpgm-ripgrep-15.1.0"
        },
        "aarch64-linux": {
          "outputs": [
            {
              "name": "out",
              "path": "/nix/store/p16w1972rd9hj2kdczmdlwv0wa8c0drf-ripgrep-15.1.0",
              "default": true
            }
          ],
          "store_path": "/nix/store/p16w1972rd9hj2kdczmdlwv0wa8c0drf-ripgrep-15.1.0"
        },
        "x86_64-darwin": {
          "outputs": [
            {
              "name": "out",
              "path": "/nix/store/hm6mgwzrdznpadk6nxzmlls1p534m2d3-ripgrep-15.1.0",
              "default": true
            }
          ],
          "store_path": "/nix/store/hm6mgwzrdznpadk6nxzmlls1p534m2d3-ripgrep-15.1.0"
        },
        "x86_64-linux": {
          "outputs": [
            {
              "name": "out",
              "path": "/nix/store/922crn2k3v8yaqk7anps80hba919lnds-ripgrep-15.1.0",
              "default": true
            }
          ],
          "store_path": "/nix/store/922crn2k3v8yaqk7anps80hba919lnds-ripgrep-15.1.0"
        }
      }
    }
  }
}
